
Microsoft Visual Studio Solution File, Format Version 12.00
# Visual Studio 15
VisualStudioVersion = 15.0.27703.2018
MinimumVisualStudioVersion = 10.0.40219.1
Project("{FAE04EC0-301F-11D3-BF4B-00C04F79EFBC}") = "Graph", "Graph\Graph.csproj", "{02CFD4C3-FC06-456B-849D-33798D96AE17}"
EndProject
Global
	GlobalSection(SolutionConfigurationPlatforms) = preSolution
		Debug|Any CPU = Debug|Any CPU
		Release|Any CPU = Release|Any CPU
	EndGlobalSection
	GlobalSection(ProjectConfigurationPlatforms) = postSolution
		{02CFD4C3-FC06-456B-849D-33798D96AE17}.Debug|Any CPU.ActiveCfg = Debug|Any CPU
		{02CFD4C3-FC06-456B-849D-33798D96AE17}.Debug|Any CPU.Build.0 = Debug|Any CPU
		{02CFD4C3-FC06-456B-849D-33798D96AE17}.Release|Any CPU.ActiveCfg = Release|Any CPU
		{02CFD4C3-FC06-456B-849D-33798D96AE17}.Release|Any CPU.Build.0 = Release|Any CPU
	EndGlobalSection
	GlobalSection(SolutionProperties) = preSolution
		HideSolutionNode = FALSE
	EndGlobalSection
	GlobalSection(ExtensibilityGlobals) = postSolution
		SolutionGuid = {8DCCB01B-09A5-46CF-A712-71440336C853}
	EndGlobalSection
EndGlobal
